
Microsoft Visual Studio Solution File, Format Version 12.00
# Visual Studio Version 17
VisualStudioVersion = 17.5.33530.505
MinimumVisualStudioVersion = 10.0.40219.1
Project("{FAE04EC0-301F-11D3-BF4B-00C04F79EFBC}") = "Operating Bus", "Operating Bus\Operating Bus.csproj", "{A3A07E9D-B2AD-48A2-B7A6-6EF192BD9146}"
EndProject
Global
	GlobalSection(SolutionConfigurationPlatforms) = preSolution
		Debug|Any CPU = Debug|Any CPU
		Release|Any CPU = Release|Any CPU
	EndGlobalSection
	GlobalSection(ProjectConfigurationPlatforms) = postSolution
		{A3A07E9D-B2AD-48A2-B7A6-6EF192BD9146}.Debug|Any CPU.ActiveCfg = Debug|Any CPU
		{A3A07E9D-B2AD-48A2-B7A6-6EF192BD9146}.Debug|Any CPU.Build.0 = Debug|Any CPU
		{A3A07E9D-B2AD-48A2-B7A6-6EF192BD9146}.Release|Any CPU.ActiveCfg = Release|Any CPU
		{A3A07E9D-B2AD-48A2-B7A6-6EF192BD9146}.Release|Any CPU.Build.0 = Release|Any CPU
	EndGlobalSection
	GlobalSection(SolutionProperties) = preSolution
		HideSolutionNode = FALSE
	EndGlobalSection
	GlobalSection(ExtensibilityGlobals) = postSolution
		SolutionGuid = {898C2835-F2C0-4015-A0BC-A7B60ABE649C}
	EndGlobalSection
EndGlobal
